
Microsoft Visual Studio Solution File, Format Version 12.00
# Visual Studio Version 16
VisualStudioVersion = 16.0.30804.86
MinimumVisualStudioVersion = 10.0.40219.1
Project("{FAE04EC0-301F-11D3-BF4B-00C04F79EFBC}") = "RestaurantManagement", "RestaurantManagement\RestaurantManagement.csproj", "{47C45C87-1741-4388-9FD9-4305FFC88879}"
EndProject
Global
	GlobalSection(SolutionConfigurationPlatforms) = preSolution
		Debug|Any CPU = Debug|Any CPU
		Release|Any CPU = Release|Any CPU
	EndGlobalSection
	GlobalSection(ProjectConfigurationPlatforms) = postSolution
		{47C45C87-1741-4388-9FD9-4305FFC88879}.Debug|Any CPU.ActiveCfg = Debug|Any CPU
		{47C45C87-1741-4388-9FD9-4305FFC88879}.Debug|Any CPU.Build.0 = Debug|Any CPU
		{47C45C87-1741-4388-9FD9-4305FFC88879}.Release|Any CPU.ActiveCfg = Release|Any CPU
		{47C45C87-1741-4388-9FD9-4305FFC88879}.Release|Any CPU.Build.0 = Release|Any CPU
	EndGlobalSection
	GlobalSection(SolutionProperties) = preSolution
		HideSolutionNode = FALSE
	EndGlobalSection
	GlobalSection(ExtensibilityGlobals) = postSolution
		SolutionGuid = {D45D0F76-5FFC-4770-82A8-BAA0DF23D0FC}
	EndGlobalSection
EndGlobal
